{
  "name": "bs-automerge",
  "version": "0.2.0",
  "lockfileVersion": 1,
  "requires": true,
  "dependencies": {
    "automerge": {
      "version": "0.8.0",
      "resolved": "https://registry.npmjs.org/automerge/-/automerge-0.8.0.tgz",
      "integrity": "sha512-TB+b+N/VATzQH3hQrzAmTvfyyo04SNUer9ml4M1PRSQ4Bq0OYgclqi3hdYlNG4d/rSWKq897nbkg7gbni7CV2w==",
      "requires": {
        "immutable": "^3.8.2",
        "transit-immutable-js": "^0.7.0",
        "transit-js": "^0.8.861",
        "uuid": "3.1.0"
      }
    },
    "bs-immutablejs": {
      "version": "github:reasonml-community/bs-immutablejs#5d770f09d33c3fa294f2a098b3cff9776edec841",
      "from": "github:reasonml-community/bs-immutablejs"
    },
    "bs-platform": {
      "version": "4.0.18",
      "resolved": "https://registry.npmjs.org/bs-platform/-/bs-platform-4.0.18.tgz",
      "integrity": "sha512-BwzW0iYHvREqUZIgQxJmdJrxexppLvJxYQ4LLexbhCp7uZU5DIZ5ub4ZHpkCkc8fn8bsXWc+Rrejb3csi+BoAQ==",
      "dev": true
    },
    "immutable": {
      "version": "3.8.2",
      "resolved": "https://registry.npmjs.org/immutable/-/immutable-3.8.2.tgz",
      "integrity": "sha1-wkOZUUVbs5kT2vKBN28VMOEErfM="
    },
    "rex-json": {
      "version": "1.4.0",
      "resolved": "https://registry.npmjs.org/rex-json/-/rex-json-1.4.0.tgz",
      "integrity": "sha512-bG3byyGHk8+5frVPFu7qXkx+7qgycv0r6rD17JXw7XYqyd5eekcpsodR7/zk2u/jBqsjt5HHisND23Kx74PZkw=="
    },
    "transit-immutable-js": {
      "version": "0.7.0",
      "resolved": "https://registry.npmjs.org/transit-immutable-js/-/transit-immutable-js-0.7.0.tgz",
      "integrity": "sha1-mT4lCJtjEf9AIUD1VidtbSUwBdk="
    },
    "transit-js": {
      "version": "0.8.861",
      "resolved": "https://registry.npmjs.org/transit-js/-/transit-js-0.8.861.tgz",
      "integrity": "sha512-4O9OrYPZw6C0M5gMTvaeOp+xYz6EF79JsyxIvqXHlt+pisSrioJWFOE80N8aCPoJLcNaXF442RZrVtdmd4wkDQ=="
    },
    "uuid": {
      "version": "3.1.0",
      "resolved": "https://registry.npmjs.org/uuid/-/uuid-3.1.0.tgz",
      "integrity": "sha512-DIWtzUkw04M4k3bf1IcpS2tngXEL26YUD2M0tMDUpnUrz2hgzUBlD55a4FjdLGPvfHxS6uluGWvaVEqgBcVa+g=="
    }
  }
}
